{
  "version": 1,
  "dependencies": {
    "net10.0-windows7.0": {
      "DalamudPackager": {
        "type": "Direct",
        "requested": "[14.0.1, )",
        "resolved": "14.0.1",
        "contentHash": "y0WWyUE6dhpGdolK3iKgwys05/nZaVf4ZPtIjpLhJBZvHxkkiE23zYRo7K7uqAgoK/QvK5cqF6l3VG5AbgC6KA=="
      },
      "DotNet.ReproducibleBuilds": {
        "type": "Direct",
        "requested": "[1.2.39, )",
        "resolved": "1.2.39",
        "contentHash": "fcFN01tDTIQqDuTwr1jUQK/geofiwjG5DycJQOnC72i1SsLAk1ELe+apBOuZ11UMQG8YKFZG1FgvjZPbqHyatg=="
      },
      "Hexa.NET.ImGui": {
        "type": "Direct",
        "requested": "[2.2.8.5, )",
        "resolved": "2.2.8.5",
        "contentHash": "kLOfz6775ySQPIlS3QIoy04byeEVBwQh/OP3ImYba8aJVnHay8UDMAZuZuO98kT3wz7V/nh540iiGFvoPyis1A==",
        "dependencies": {
          "HexaGen.Runtime": "1.1.21"
        }
      },
      "Hexa.NET.ImPlot": {
        "type": "Direct",
        "requested": "[2.2.8.4, )",
        "resolved": "2.2.8.4",
        "contentHash": "Hh3V+OxnMfQjZh233kjUurgWX5BimnxThUUYtbBW2NKX+Fg2ImNhWRY456l+HsJKlBMNGRtumQBBBVb8z73x/w==",
        "dependencies": {
          "Hexa.NET.ImGui": "2.2.8.4",
          "HexaGen.Runtime": "1.1.21"
        }
      },
      "HexaGen.Runtime": {
        "type": "Transitive",
        "resolved": "1.1.21",
        "contentHash": "fxSBIroVyuU1CQUSKsE3IZNOW8FlI58zuU1kIG5ZvDH0jtQq5yTPEvPMoNyMB5PrhzYH/taTMqd85VtxcZPD8g=="
      }
    }
  }
}
